
Microsoft Visual Studio Solution File, Format Version 12.00
# Visual Studio Version 17
VisualStudioVersion = 17.5.33414.496
MinimumVisualStudioVersion = 10.0.40219.1
Project("{F184B08F-C81C-45F6-A57F-5ABD9991F28F}") = "perpustakaan_projects", "perpustakaan_projects.vbproj", "{2CD6BC56-732B-4709-A2D8-ED65B5B1ED02}"
EndProject
Global
	GlobalSection(SolutionConfigurationPlatforms) = preSolution
		Debug|Any CPU = Debug|Any CPU
		Release|Any CPU = Release|Any CPU
	EndGlobalSection
	GlobalSection(ProjectConfigurationPlatforms) = postSolution
		{2CD6BC56-732B-4709-A2D8-ED65B5B1ED02}.Debug|Any CPU.ActiveCfg = Debug|Any CPU
		{2CD6BC56-732B-4709-A2D8-ED65B5B1ED02}.Debug|Any CPU.Build.0 = Debug|Any CPU
		{2CD6BC56-732B-4709-A2D8-ED65B5B1ED02}.Release|Any CPU.ActiveCfg = Release|Any CPU
		{2CD6BC56-732B-4709-A2D8-ED65B5B1ED02}.Release|Any CPU.Build.0 = Release|Any CPU
	EndGlobalSection
	GlobalSection(SolutionProperties) = preSolution
		HideSolutionNode = FALSE
	EndGlobalSection
	GlobalSection(ExtensibilityGlobals) = postSolution
		SolutionGuid = {DF3C423F-7AAB-4EDF-84B9-8E916886ADCC}
	EndGlobalSection
EndGlobal
